Microsoft Visual Studio Solution File, Format Version 12.00
# Visual Studio Version 16
VisualStudioVersion = 16.0.30711.63
MinimumVisualStudioVersion = 10.0.40219.1
Project("{FAE04EC0-301F-11D3-BF4B-00C04F79EFBC}") = "app", "app\app.csproj", "{D5F0CCEB-6826-4E41-A5C2-976F1D1A193E}"
EndProject
Global
	GlobalSection(SolutionConfigurationPlatforms) = preSolution
		Debug|Any CPU = Debug|Any CPU
		Release|Any CPU = Release|Any CPU
	EndGlobalSection
	GlobalSection(ProjectConfigurationPlatforms) = postSolution
		{D5F0CCEB-6826-4E41-A5C2-976F1D1A193E}.Debug|Any CPU.ActiveCfg = Debug|Any CPU
		{D5F0CCEB-6826-4E41-A5C2-976F1D1A193E}.Debug|Any CPU.Build.0 = Debug|Any CPU
		{D5F0CCEB-6826-4E41-A5C2-976F1D1A193E}.Release|Any CPU.ActiveCfg = Release|Any CPU
		{D5F0CCEB-6826-4E41-A5C2-976F1D1A193E}.Release|Any CPU.Build.0 = Release|Any CPU
	EndGlobalSection
	GlobalSection(SolutionProperties) = preSolution
		HideSolutionNode = FALSE
	EndGlobalSection
	GlobalSection(ExtensibilityGlobals) = postSolution
		SolutionGuid = {E179382B-6890-440B-89DB-F6AF4B80CEAA}
	EndGlobalSection
EndGlobal
